// !$*UTF8*$!
{
	archiveVersion = 1;
	classes = {
	};
	objectVersion = 48;
	objects = {

/* Begin PBXBuildFile section */
		26B027871FD14A0E00533B09 /* LayoutViewController.m in Sources */ = {isa = PBXBuildFile; fileRef = 26B027861FD14A0E00533B09 /* LayoutViewController.m */; };
		26B0278A1FD14A2500533B09 /* LayoutTextStorage.m in Sources */ = {isa = PBXBuildFile; fileRef = 26B027891FD14A2500533B09 /* LayoutTextStorage.m */; };
		26B0278D1FD14C5600533B09 /* UnderlineLayoutManager.m in Sources */ = {isa = PBXBuildFile; fileRef = 26B0278C1FD14C5600533B09 /* UnderlineLayoutManager.m */; };
		26B027911FD14E3B00533B09 /* InteractionViewController.m in Sources */ = {isa = PBXBuildFile; fileRef = 26B027901FD14E3B00533B09 /* InteractionViewController.m */; };
		26B027941FD1579E00533B09 /* InteractionCircleView.m in Sources */ = {isa = PBXBuildFile; fileRef = 26B027931FD1579E00533B09 /* InteractionCircleView.m */; };
		26E6806F1FCFDE360046610D /* AppDelegate.m in Sources */ = {isa = PBXBuildFile; fileRef = 26E6806E1FCFDE360046610D /* AppDelegate.m */; };
		26E680721FCFDE360046610D /* ViewController.m in Sources */ = {isa = PBXBuildFile; fileRef = 26E680711FCFDE360046610D /* ViewController.m */; };
		26E680751FCFDE360046610D /* Main.storyboard in Resources */ = {isa = PBXBuildFile; fileRef = 26E680731FCFDE360046610D /* Main.storyboard */; };
		26E680771FCFDE360046610D /* Assets.xcassets in Resources */ = {isa = PBXBuildFile; fileRef = 26E680761FCFDE360046610D /* Assets.xcassets */; };
		26E6807A1FCFDE360046610D /* LaunchScreen.storyboard in Resources */ = {isa = PBXBuildFile; fileRef = 26E680781FCFDE360046610D /* LaunchScreen.storyboard */; };
		26E6807D1FCFDE360046610D /* main.m in Sources */ = {isa = PBXBuildFile; fileRef = 26E6807C1FCFDE360046610D /* main.m */; };
		26E680861FCFE1350046610D /* ConfigurationViewController.m in Sources */ = {isa = PBXBuildFile; fileRef = 26E680851FCFE1350046610D /* ConfigurationViewController.m */; };
		26E6808B1FCFF1050046610D /* AttributesViewController.m in Sources */ = {isa = PBXBuildFile; fileRef = 26E6808A1FCFF1050046610D /* AttributesViewController.m */; };
		26E6808E1FCFF5D60046610D /* AttributesTextStorage.m in Sources */ = {isa = PBXBuildFile; fileRef = 26E6808D1FCFF5D60046610D /* AttributesTextStorage.m */; };
		8A6C4045BF782420F5BD66A4 /* Pods_BRTextKit.framework in Frameworks */ = {isa = PBXBuildFile; fileRef = 36B5508E4642732E803C9C54 /* Pods_BRTextKit.framework */; };
/* End PBXBuildFile section */

/* Begin PBXFileReference section */
		26B027851FD14A0E00533B09 /* LayoutViewController.h */ = {isa = PBXFileReference; lastKnownFileType = sourcecode.c.h; path = LayoutViewController.h; sourceTree = "<group>"; };
		26B027861FD14A0E00533B09 /* LayoutViewController.m */ = {isa = PBXFileReference; lastKnownFileType = sourcecode.c.objc; path = LayoutViewController.m; sourceTree = "<group>"; };
		26B027881FD14A2500533B09 /* LayoutTextStorage.h */ = {isa = PBXFileReference; lastKnownFileType = sourcecode.c.h; path = LayoutTextStorage.h; sourceTree = "<group>"; };
		26B027891FD14A2500533B09 /* LayoutTextStorage.m */ = {isa = PBXFileReference; lastKnownFileType = sourcecode.c.objc; path = LayoutTextStorage.m; sourceTree = "<group>"; };
		26B0278B1FD14C5600533B09 /* UnderlineLayoutManager.h */ = {isa = PBXFileReference; lastKnownFileType = sourcecode.c.h; path = UnderlineLayoutManager.h; sourceTree = "<group>"; };
		26B0278C1FD14C5600533B09 /* UnderlineLayoutManager.m */ = {isa = PBXFileReference; lastKnownFileType = sourcecode.c.objc; path = UnderlineLayoutManager.m; sourceTree = "<group>"; };
		26B0278F1FD14E3B00533B09 /* InteractionViewController.h */ = {isa = PBXFileReference; lastKnownFileType = sourcecode.c.h; path = InteractionViewController.h; sourceTree = "<group>"; };
		26B027901FD14E3B00533B09 /* InteractionViewController.m */ = {isa = PBXFileReference; lastKnownFileType = sourcecode.c.objc; path = InteractionViewController.m; sourceTree = "<group>"; };
		26B027921FD1579E00533B09 /* InteractionCircleView.h */ = {isa = PBXFileReference; lastKnownFileType = sourcecode.c.h; path = InteractionCircleView.h; sourceTree = "<group>"; };
		26B027931FD1579E00533B09 /* InteractionCircleView.m */ = {isa = PBXFileReference; lastKnownFileType = sourcecode.c.objc; path = InteractionCircleView.m; sourceTree = "<group>"; };
		26E6806A1FCFDE360046610D /* BRTextKit.app */ = {isa = PBXFileReference; explicitFileType = wrapper.application; includeInIndex = 0; path = BRTextKit.app; sourceTree = BUILT_PRODUCTS_DIR; };
		26E6806D1FCFDE360046610D /* AppDelegate.h */ = {isa = PBXFileReference; lastKnownFileType = sourcecode.c.h; path = AppDelegate.h; sourceTree = "<group>"; };
		26E6806E1FCFDE360046610D /* AppDelegate.m */ = {isa = PBXFileReference; lastKnownFileType = sourcecode.c.objc; path = AppDelegate.m; sourceTree = "<group>"; };
		26E680701FCFDE360046610D /* ViewController.h */ = {isa = PBXFileReference; lastKnownFileType = sourcecode.c.h; path = ViewController.h; sourceTree = "<group>"; };
		26E680711FCFDE360046610D /* ViewController.m */ = {isa = PBXFileReference; lastKnownFileType = sourcecode.c.objc; path = ViewController.m; sourceTree = "<group>"; };
		26E680741FCFDE360046610D /* Base */ = {isa = PBXFileReference; lastKnownFileType = file.storyboard; name = Base; path = Base.lproj/Main.storyboard; sourceTree = "<group>"; };
		26E680761FCFDE360046610D /* Assets.xcassets */ = {isa = PBXFileReference; lastKnownFileType = folder.assetcatalog; path = Assets.xcassets; sourceTree = "<group>"; };
		26E680791FCFDE360046610D /* Base */ = {isa = PBXFileReference; lastKnownFileType = file.storyboard; name = Base; path = Base.lproj/LaunchScreen.storyboard; sourceTree = "<group>"; };
		26E6807B1FCFDE360046610D /* Info.plist */ = {isa = PBXFileReference; lastKnownFileType = text.plist.xml; path = Info.plist; sourceTree = "<group>"; };
		26E6807C1FCFDE360046610D /* main.m */ = {isa = PBXFileReference; lastKnownFileType = sourcecode.c.objc; path = main.m; sourceTree = "<group>"; };
		26E680841FCFE1350046610D /* ConfigurationViewController.h */ = {isa = PBXFileReference; lastKnownFileType = sourcecode.c.h; path = ConfigurationViewController.h; sourceTree = "<group>"; };
		26E680851FCFE1350046610D /* ConfigurationViewController.m */ = {isa = PBXFileReference; lastKnownFileType = sourcecode.c.objc; path = ConfigurationViewController.m; sourceTree = "<group>"; };
		26E680891FCFF1050046610D /* AttributesViewController.h */ = {isa = PBXFileReference; lastKnownFileType = sourcecode.c.h; path = AttributesViewController.h; sourceTree = "<group>"; };
		26E6808A1FCFF1050046610D /* AttributesViewController.m */ = {isa = PBXFileReference; lastKnownFileType = sourcecode.c.objc; path = AttributesViewController.m; sourceTree = "<group>"; };
		26E6808C1FCFF5D60046610D /* AttributesTextStorage.h */ = {isa = PBXFileReference; lastKnownFileType = sourcecode.c.h; path = AttributesTextStorage.h; sourceTree = "<group>"; };
		26E6808D1FCFF5D60046610D /* AttributesTextStorage.m */ = {isa = PBXFileReference; lastKnownFileType = sourcecode.c.objc; path = AttributesTextStorage.m; sourceTree = "<group>"; };
		26E6808F1FCFF79D0046610D /* BRTextKit.pch */ = {isa = PBXFileReference; lastKnownFileType = sourcecode.c.h; path = BRTextKit.pch; sourceTree = "<group>"; };
		36B5508E4642732E803C9C54 /* Pods_BRTextKit.framework */ = {isa = PBXFileReference; explicitFileType = wrapper.framework; includeInIndex = 0; path = Pods_BRTextKit.framework; sourceTree = BUILT_PRODUCTS_DIR; };
		85EAFA33D734C0A85070F315 /* Pods-BRTextKit.release.xcconfig */ = {isa = PBXFileReference; includeInIndex = 1; lastKnownFileType = text.xcconfig; name = "Pods-BRTextKit.release.xcconfig"; path = "Pods/Target Support Files/Pods-BRTextKit/Pods-BRTextKit.release.xcconfig"; sourceTree = "<group>"; };
		ADD725F03CB8EB72D496AE85 /* Pods-BRTextKit.debug.xcconfig */ = {isa = PBXFileReference; includeInIndex = 1; lastKnownFileType = text.xcconfig; name = "Pods-BRTextKit.debug.xcconfig"; path = "Pods/Target Support Files/Pods-BRTextKit/Pods-BRTextKit.debug.xcconfig"; sourceTree = "<group>"; };
/* End PBXFileReference section */

/* Begin PBXFrameworksBuildPhase section */
		26E680671FCFDE360046610D /* Frameworks */ = {
			isa = PBXFrameworksBuildPhase;
			buildActionMask = 2147483647;
			files = (
				8A6C4045BF782420F5BD66A4 /* Pods_BRTextKit.framework in Frameworks */,
			);
			runOnlyForDeploymentPostprocessing = 0;
		};
/* End PBXFrameworksBuildPhase section */

/* Begin PBXGroup section */
		17FB867CEA7AD3531272462A /* Frameworks */ = {
			isa = PBXGroup;
			children = (
				36B5508E4642732E803C9C54 /* Pods_BRTextKit.framework */,
			);
			name = Frameworks;
			sourceTree = "<group>";
		};
		26B027841FD149F800533B09 /* Layout */ = {
			isa = PBXGroup;
			children = (
				26B027851FD14A0E00533B09 /* LayoutViewController.h */,
				26B027861FD14A0E00533B09 /* LayoutViewController.m */,
				26B027881FD14A2500533B09 /* LayoutTextStorage.h */,
				26B027891FD14A2500533B09 /* LayoutTextStorage.m */,
				26B0278B1FD14C5600533B09 /* UnderlineLayoutManager.h */,
				26B0278C1FD14C5600533B09 /* UnderlineLayoutManager.m */,
			);
			path = Layout;
			sourceTree = "<group>";
		};
		26B0278E1FD14E2100533B09 /* Interaction */ = {
			isa = PBXGroup;
			children = (
				26B0278F1FD14E3B00533B09 /* InteractionViewController.h */,
				26B027901FD14E3B00533B09 /* InteractionViewController.m */,
				26B027921FD1579E00533B09 /* InteractionCircleView.h */,
				26B027931FD1579E00533B09 /* InteractionCircleView.m */,
			);
			path = Interaction;
			sourceTree = "<group>";
		};
		26E680611FCFDE360046610D = {
			isa = PBXGroup;
			children = (
				26E6806C1FCFDE360046610D /* BRTextKit */,
				26E6806B1FCFDE360046610D /* Products */,
				CB4C4FD8E043742C2A4DAC37 /* Pods */,
				17FB867CEA7AD3531272462A /* Frameworks */,
			);
			sourceTree = "<group>";
		};
		26E6806B1FCFDE360046610D /* Products */ = {
			isa = PBXGroup;
			children = (
				26E6806A1FCFDE360046610D /* BRTextKit.app */,
			);
			name = Products;
			sourceTree = "<group>";
		};
		26E6806C1FCFDE360046610D /* BRTextKit */ = {
			isa = PBXGroup;
			children = (
				26E6806D1FCFDE360046610D /* AppDelegate.h */,
				26E6806E1FCFDE360046610D /* AppDelegate.m */,
				26E680701FCFDE360046610D /* ViewController.h */,
				26E680711FCFDE360046610D /* ViewController.m */,
				26B0278E1FD14E2100533B09 /* Interaction */,
				26B027841FD149F800533B09 /* Layout */,
				26E680831FCFE11F0046610D /* Configuration */,
				26E680881FCFF0ED0046610D /* Attributes */,
				26E680731FCFDE360046610D /* Main.storyboard */,
				26E680761FCFDE360046610D /* Assets.xcassets */,
				26E680781FCFDE360046610D /* LaunchScreen.storyboard */,
				26E6807B1FCFDE360046610D /* Info.plist */,
				26E6807C1FCFDE360046610D /* main.m */,
				26E6808F1FCFF79D0046610D /* BRTextKit.pch */,
			);
			path = BRTextKit;
			sourceTree = "<group>";
		};
		26E680831FCFE11F0046610D /* Configuration */ = {
			isa = PBXGroup;
			children = (
				26E680841FCFE1350046610D /* ConfigurationViewController.h */,
				26E680851FCFE1350046610D /* ConfigurationViewController.m */,
			);
			path = Configuration;
			sourceTree = "<group>";
		};
		26E680881FCFF0ED0046610D /* Attributes */ = {
			isa = PBXGroup;
			children = (
				26E680891FCFF1050046610D /* AttributesViewController.h */,
				26E6808A1FCFF1050046610D /* AttributesViewController.m */,
				26E6808C1FCFF5D60046610D /* AttributesTextStorage.h */,
				26E6808D1FCFF5D60046610D /* AttributesTextStorage.m */,
			);
			path = Attributes;
			sourceTree = "<group>";
		};
		CB4C4FD8E043742C2A4DAC37 /* Pods */ = {
			isa = PBXGroup;
			children = (
				ADD725F03CB8EB72D496AE85 /* Pods-BRTextKit.debug.xcconfig */,
				85EAFA33D734C0A85070F315 /* Pods-BRTextKit.release.xcconfig */,
			);
			name = Pods;
			sourceTree = "<group>";
		};
/* End PBXGroup section */

/* Begin PBXNativeTarget section */
		26E680691FCFDE360046610D /* BRTextKit */ = {
			isa = PBXNativeTarget;
			buildConfigurationList = 26E680801FCFDE360046610D /* Build configuration list for PBXNativeTarget "BRTextKit" */;
			buildPhases = (
				4BE7DFFCA9FB5C76CC694CC1 /* [CP] Check Pods Manifest.lock */,
				26E680661FCFDE360046610D /* Sources */,
				26E680671FCFDE360046610D /* Frameworks */,
				26E680681FCFDE360046610D /* Resources */,
				F7D49101056B5A8ECF1DB936 /* [CP] Embed Pods Frameworks */,
				63D575650442D0D9406DF4EA /* [CP] Copy Pods Resources */,
			);
			buildRules = (
			);
			dependencies = (
			);
			name = BRTextKit;
			productName = BRTextKit;
			productReference = 26E6806A1FCFDE360046610D /* BRTextKit.app */;
			productType = "com.apple.product-type.application";
		};
/* End PBXNativeTarget section */

/* Begin PBXProject section */
		26E680621FCFDE360046610D /* Project object */ = {
			isa = PBXProject;
			attributes = {
				LastUpgradeCheck = 0910;
				ORGANIZATIONNAME = Archy;
				TargetAttributes = {
					26E680691FCFDE360046610D = {
						CreatedOnToolsVersion = 9.1;
						ProvisioningStyle = Automatic;
					};
				};
			};
			buildConfigurationList = 26E680651FCFDE360046610D /* Build configuration list for PBXProject "BRTextKit" */;
			compatibilityVersion = "Xcode 8.0";
			developmentRegion = en;
			hasScannedForEncodings = 0;
			knownRegions = (
				en,
				Base,
			);
			mainGroup = 26E680611FCFDE360046610D;
			productRefGroup = 26E6806B1FCFDE360046610D /* Products */;
			projectDirPath = "";
			projectRoot = "";
			targets = (
				26E680691FCFDE360046610D /* BRTextKit */,
			);
		};
/* End PBXProject section */

/* Begin PBXResourcesBuildPhase section */
		26E680681FCFDE360046610D /* Resources */ = {
			isa = PBXResourcesBuildPhase;
			buildActionMask = 2147483647;
			files = (
				26E6807A1FCFDE360046610D /* LaunchScreen.storyboard in Resources */,
				26E680771FCFDE360046610D /* Assets.xcassets in Resources */,
				26E680751FCFDE360046610D /* Main.storyboard in Resources */,
			);
			runOnlyForDeploymentPostprocessing = 0;
		};
/* End PBXResourcesBuildPhase section */

/* Begin PBXShellScriptBuildPhase section */
		4BE7DFFCA9FB5C76CC694CC1 /* [CP] Check Pods Manifest.lock */ = {
			isa = PBXShellScriptBuildPhase;
			buildActionMask = 2147483647;
			files = (
			);
			inputPaths = (
			);
			name = "[CP] Check Pods Manifest.lock";
			outputPaths = (
			);
			runOnlyForDeploymentPostprocessing = 0;
			shellPath = /bin/sh;
			shellScript = "diff \"${PODS_ROOT}/../Podfile.lock\" \"${PODS_ROOT}/Manifest.lock\" > /dev/null\nif [ $? != 0 ] ; then\n    # print error to STDERR\n    echo \"error: The sandbox is not in sync with the Podfile.lock. Run 'pod install' or update your CocoaPods installation.\" >&2\n    exit 1\nfi\n";
			showEnvVarsInLog = 0;
		};
		63D575650442D0D9406DF4EA /* [CP] Copy Pods Resources */ = {
			isa = PBXShellScriptBuildPhase;
			buildActionMask = 2147483647;
			files = (
			);
			inputPaths = (
			);
			name = "[CP] Copy Pods Resources";
			outputPaths = (
			);
			runOnlyForDeploymentPostprocessing = 0;
			shellPath = /bin/sh;
			shellScript = "\"${SRCROOT}/Pods/Target Support Files/Pods-BRTextKit/Pods-BRTextKit-resources.sh\"\n";
			showEnvVarsInLog = 0;
		};
		F7D49101056B5A8ECF1DB936 /* [CP] Embed Pods Frameworks */ = {
			isa = PBXShellScriptBuildPhase;
			buildActionMask = 2147483647;
			files = (
			);
			inputPaths = (
			);
			name = "[CP] Embed Pods Frameworks";
			outputPaths = (
			);
			runOnlyForDeploymentPostprocessing = 0;
			shellPath = /bin/sh;
			shellScript = "\"${SRCROOT}/Pods/Target Support Files/Pods-BRTextKit/Pods-BRTextKit-frameworks.sh\"\n";
			showEnvVarsInLog = 0;
		};
/* End PBXShellScriptBuildPhase section */

/* Begin PBXSourcesBuildPhase section */
		26E680661FCFDE360046610D /* Sources */ = {
			isa = PBXSourcesBuildPhase;
			buildActionMask = 2147483647;
			files = (
				26B027871FD14A0E00533B09 /* LayoutViewController.m in Sources */,
				26E680721FCFDE360046610D /* ViewController.m in Sources */,
				26E6808E1FCFF5D60046610D /* AttributesTextStorage.m in Sources */,
				26B027911FD14E3B00533B09 /* InteractionViewController.m in Sources */,
				26B0278D1FD14C5600533B09 /* UnderlineLayoutManager.m in Sources */,
				26E6807D1FCFDE360046610D /* main.m in Sources */,
				26E6806F1FCFDE360046610D /* AppDelegate.m in Sources */,
				26E6808B1FCFF1050046610D /* AttributesViewController.m in Sources */,
				26B027941FD1579E00533B09 /* InteractionCircleView.m in Sources */,
				26B0278A1FD14A2500533B09 /* LayoutTextStorage.m in Sources */,
				26E680861FCFE1350046610D /* ConfigurationViewController.m in Sources */,
			);
			runOnlyForDeploymentPostprocessing = 0;
		};
/* End PBXSourcesBuildPhase section */

/* Begin PBXVariantGroup section */
		26E680731FCFDE360046610D /* Main.storyboard */ = {
			isa = PBXVariantGroup;
			children = (
				26E680741FCFDE360046610D /* Base */,
			);
			name = Main.storyboard;
			sourceTree = "<group>";
		};
		26E680781FCFDE360046610D /* LaunchScreen.storyboard */ = {
			isa = PBXVariantGroup;
			children = (
				26E680791FCFDE360046610D /* Base */,
			);
			name = LaunchScreen.storyboard;
			sourceTree = "<group>";
		};
/* End PBXVariantGroup section */

/* Begin XCBuildConfiguration section */
		26E6807E1FCFDE360046610D /* Debug */ = {
			isa = XCBuildConfiguration;
			buildSettings = {
				ALWAYS_SEARCH_USER_PATHS = NO;
				CLANG_ANALYZER_NONNULL = YES;
				CLANG_ANALYZER_NUMBER_OBJECT_CONVERSION = YES_AGGRESSIVE;
				CLANG_CXX_LANGUAGE_STANDARD = "gnu++14";
				CLANG_CXX_LIBRARY = "libc++";
				CLANG_ENABLE_MODULES = YES;
				CLANG_ENABLE_OBJC_ARC = YES;
				CLANG_WARN_BLOCK_CAPTURE_AUTORELEASING = YES;
				CLANG_WARN_BOOL_CONVERSION = YES;
				CLANG_WARN_COMMA = YES;
				CLANG_WARN_CONSTANT_CONVERSION = YES;
				CLANG_WARN_DIRECT_OBJC_ISA_USAGE = YES_ERROR;
				CLANG_WARN_DOCUMENTATION_COMMENTS = YES;
				CLANG_WARN_EMPTY_BODY = YES;
				CLANG_WARN_ENUM_CONVERSION = YES;
				CLANG_WARN_INFINITE_RECURSION = YES;
				CLANG_WARN_INT_CONVERSION = YES;
				CLANG_WARN_NON_LITERAL_NULL_CONVERSION = YES;
				CLANG_WARN_OBJC_LITERAL_CONVERSION = YES;
				CLANG_WARN_OBJC_ROOT_CLASS = YES_ERROR;
				CLANG_WARN_RANGE_LOOP_ANALYSIS = YES;
				CLANG_WARN_STRICT_PROTOTYPES = YES;
				CLANG_WARN_SUSPICIOUS_MOVE = YES;
				CLANG_WARN_UNGUARDED_AVAILABILITY = YES_AGGRESSIVE;
				CLANG_WARN_UNREACHABLE_CODE = YES;
				CLANG_WARN__DUPLICATE_METHOD_MATCH = YES;
				CODE_SIGN_IDENTITY = "iPhone Developer";
				COPY_PHASE_STRIP = NO;
				DEBUG_INFORMATION_FORMAT = dwarf;
				ENABLE_STRICT_OBJC_MSGSEND = YES;
				ENABLE_TESTABILITY = YES;
				GCC_C_LANGUAGE_STANDARD = gnu11;
				GCC_DYNAMIC_NO_PIC = NO;
				GCC_NO_COMMON_BLOCKS = YES;
				GCC_OPTIMIZATION_LEVEL = 0;
				GCC_PREPROCESSOR_DEFINITIONS = (
					"DEBUG=1",
					"$(inherited)",
				);
				GCC_WARN_64_TO_32_BIT_CONVERSION = YES;
				GCC_WARN_ABOUT_RETURN_TYPE = YES_ERROR;
				GCC_WARN_UNDECLARED_SELECTOR = YES;
				GCC_WARN_UNINITIALIZED_AUTOS = YES_AGGRESSIVE;
				GCC_WARN_UNUSED_FUNCTION = YES;
				GCC_WARN_UNUSED_VARIABLE = YES;
				IPHONEOS_DEPLOYMENT_TARGET = 11.1;
				MTL_ENABLE_DEBUG_INFO = YES;
				ONLY_ACTIVE_ARCH = YES;
				SDKROOT = iphoneos;
			};
			name = Debug;
		};
		26E6807F1FCFDE360046610D /* Release */ = {
			isa = XCBuildConfiguration;
			buildSettings = {
				ALWAYS_SEARCH_USER_PATHS = NO;
				CLANG_ANALYZER_NONNULL = YES;
				CLANG_ANALYZER_NUMBER_OBJECT_CONVERSION = YES_AGGRESSIVE;
				CLANG_CXX_LANGUAGE_STANDARD = "gnu++14";
				CLANG_CXX_LIBRARY = "libc++";
				CLANG_ENABLE_MODULES = YES;
				CLANG_ENABLE_OBJC_ARC = YES;
				CLANG_WARN_BLOCK_CAPTURE_AUTORELEASING = YES;
				CLANG_WARN_BOOL_CONVERSION = YES;
				CLANG_WARN_COMMA = YES;
				CLANG_WARN_CONSTANT_CONVERSION = YES;
				CLANG_WARN_DIRECT_OBJC_ISA_USAGE = YES_ERROR;
				CLANG_WARN_DOCUMENTATION_COMMENTS = YES;
				CLANG_WARN_EMPTY_BODY = YES;
				CLANG_WARN_ENUM_CONVERSION = YES;
				CLANG_WARN_INFINITE_RECURSION = YES;
				CLANG_WARN_INT_CONVERSION = YES;
				CLANG_WARN_NON_LITERAL_NULL_CONVERSION = YES;
				CLANG_WARN_OBJC_LITERAL_CONVERSION = YES;
				CLANG_WARN_OBJC_ROOT_CLASS = YES_ERROR;
				CLANG_WARN_RANGE_LOOP_ANALYSIS = YES;
				CLANG_WARN_STRICT_PROTOTYPES = YES;
				CLANG_WARN_SUSPICIOUS_MOVE = YES;
				CLANG_WARN_UNGUARDED_AVAILABILITY = YES_AGGRESSIVE;
				CLANG_WARN_UNREACHABLE_CODE = YES;
				CLANG_WARN__DUPLICATE_METHOD_MATCH = YES;
				CODE_SIGN_IDENTITY = "iPhone Developer";
				COPY_PHASE_STRIP = NO;
				DEBUG_INFORMATION_FORMAT = "dwarf-with-dsym";
				ENABLE_NS_ASSERTIONS = NO;
				ENABLE_STRICT_OBJC_MSGSEND = YES;
				GCC_C_LANGUAGE_STANDARD = gnu11;
				GCC_NO_COMMON_BLOCKS = YES;
				GCC_WARN_64_TO_32_BIT_CONVERSION = YES;
				GCC_WARN_ABOUT_RETURN_TYPE = YES_ERROR;
				GCC_WARN_UNDECLARED_SELECTOR = YES;
				GCC_WARN_UNINITIALIZED_AUTOS = YES_AGGRESSIVE;
				GCC_WARN_UNUSED_FUNCTION = YES;
				GCC_WARN_UNUSED_VARIABLE = YES;
				IPHONEOS_DEPLOYMENT_TARGET = 11.1;
				MTL_ENABLE_DEBUG_INFO = NO;
				SDKROOT = iphoneos;
				VALIDATE_PRODUCT = YES;
			};
			name = Release;
		};
		26E680811FCFDE360046610D /* Debug */ = {
			isa = XCBuildConfiguration;
			baseConfigurationReference = ADD725F03CB8EB72D496AE85 /* Pods-BRTextKit.debug.xcconfig */;
			buildSettings = {
				ASSETCATALOG_COMPILER_APPICON_NAME = AppIcon;
				CODE_SIGN_STYLE = Automatic;
				GCC_PRECOMPILE_PREFIX_HEADER = YES;
				GCC_PREFIX_HEADER = BRTextKit/BRTextKit.pch;
				INFOPLIST_FILE = BRTextKit/Info.plist;
				LD_RUNPATH_SEARCH_PATHS = "$(inherited) @executable_path/Frameworks";
				PRODUCT_BUNDLE_IDENTIFIER = com.unicorn.BRTextKit;
				PRODUCT_NAME = "$(TARGET_NAME)";
				TARGETED_DEVICE_FAMILY = "1,2";
			};
			name = Debug;
		};
		26E680821FCFDE360046610D /* Release */ = {
			isa = XCBuildConfiguration;
			baseConfigurationReference = 85EAFA33D734C0A85070F315 /* Pods-BRTextKit.release.xcconfig */;
			buildSettings = {
				ASSETCATALOG_COMPILER_APPICON_NAME = AppIcon;
				CODE_SIGN_STYLE = Automatic;
				GCC_PRECOMPILE_PREFIX_HEADER = YES;
				GCC_PREFIX_HEADER = BRTextKit/BRTextKit.pch;
				INFOPLIST_FILE = BRTextKit/Info.plist;
				LD_RUNPATH_SEARCH_PATHS = "$(inherited) @executable_path/Frameworks";
				PRODUCT_BUNDLE_IDENTIFIER = com.unicorn.BRTextKit;
				PRODUCT_NAME = "$(TARGET_NAME)";
				TARGETED_DEVICE_FAMILY = "1,2";
			};
			name = Release;
		};
/* End XCBuildConfiguration section */

/* Begin XCConfigurationList section */
		26E680651FCFDE360046610D /* Build configuration list for PBXProject "BRTextKit" */ = {
			isa = XCConfigurationList;
			buildConfigurations = (
				26E6807E1FCFDE360046610D /* Debug */,
				26E6807F1FCFDE360046610D /* Release */,
			);
			defaultConfigurationIsVisible = 0;
			defaultConfigurationName = Release;
		};
		26E680801FCFDE360046610D /* Build configuration list for PBXNativeTarget "BRTextKit" */ = {
			isa = XCConfigurationList;
			buildConfigurations = (
				26E680811FCFDE360046610D /* Debug */,
				26E680821FCFDE360046610D /* Release */,
			);
			defaultConfigurationIsVisible = 0;
			defaultConfigurationName = Release;
		};
/* End XCConfigurationList section */
	};
	rootObject = 26E680621FCFDE360046610D /* Project object */;
}
